
Microsoft Visual Studio Solution File, Format Version 12.00
# Visual Studio Version 16
VisualStudioVersion = 16.0.31025.194
MinimumVisualStudioVersion = 10.0.40219.1
Project("{9A19103F-16F7-4668-BE54-9A1E7A4F7556}") = "DentOffice.WebAPI", "DentOffice1\DentOffice.WebAPI.csproj", "{17AD31C5-8C9F-4C4E-A2F2-BD0E290089D4}"
EndProject
Project("{2150E333-8FDC-42A3-9474-1A3956D46DE8}") = "UI", "UI", "{295CB8AB-06ED-48AB-929F-405100566594}"
EndProject
Project("{FAE04EC0-301F-11D3-BF4B-00C04F79EFBC}") = "DentOffice.WinUI", "DentOffice.WinUI\DentOffice.WinUI.csproj", "{43957B6B-6D66-4955-8F7D-DF1CB8274442}"
EndProject
Project("{9A19103F-16F7-4668-BE54-9A1E7A4F7556}") = "DentOffice.Model", "DentOffice.Model\DentOffice.Model.csproj", "{046C9FB7-1C91-4239-A7FD-E5A517B4339D}"
EndProject
Global
	GlobalSection(SolutionConfigurationPlatforms) = preSolution
		Debug|Any CPU = Debug|Any CPU
		Debug|ARM = Debug|ARM
		Debug|iPhone = Debug|iPhone
		Debug|iPhoneSimulator = Debug|iPhoneSimulator
		Debug|x64 = Debug|x64
		Debug|x86 = Debug|x86
		Release|Any CPU = Release|Any CPU
		Release|ARM = Release|ARM
		Release|iPhone = Release|iPhone
		Release|iPhoneSimulator = Release|iPhoneSimulator
		Release|x64 = Release|x64
		Release|x86 = Release|x86
	EndGlobalSection
	GlobalSection(ProjectConfigurationPlatforms) = postSolution
		{17AD31C5-8C9F-4C4E-A2F2-BD0E290089D4}.Debug|Any CPU.ActiveCfg = Debug|Any CPU
		{17AD31C5-8C9F-4C4E-A2F2-BD0E290089D4}.Debug|Any CPU.Build.0 = Debug|Any CPU
		{17AD31C5-8C9F-4C4E-A2F2-BD0E290089D4}.Debug|ARM.ActiveCfg = Debug|Any CPU
		{17AD31C5-8C9F-4C4E-A2F2-BD0E290089D4}.Debug|ARM.Build.0 = Debug|Any CPU
		{17AD31C5-8C9F-4C4E-A2F2-BD0E290089D4}.Debug|iPhone.ActiveCfg = Debug|Any CPU
		{17AD31C5-8C9F-4C4E-A2F2-BD0E290089D4}.Debug|iPhone.Build.0 = Debug|Any CPU
		{17AD31C5-8C9F-4C4E-A2F2-BD0E290089D4}.Debug|iPhoneSimulator.ActiveCfg = Debug|Any CPU
		{17AD31C5-8C9F-4C4E-A2F2-BD0E290089D4}.Debug|iPhoneSimulator.Build.0 = Debug|Any CPU
		{17AD31C5-8C9F-4C4E-A2F2-BD0E290089D4}.Debug|x64.ActiveCfg = Debug|Any CPU
		{17AD31C5-8C9F-4C4E-A2F2-BD0E290089D4}.Debug|x64.Build.0 = Debug|Any CPU
		{17AD31C5-8C9F-4C4E-A2F2-BD0E290089D4}.Debug|x86.ActiveCfg = Debug|Any CPU
		{17AD31C5-8C9F-4C4E-A2F2-BD0E290089D4}.Debug|x86.Build.0 = Debug|Any CPU
		{17AD31C5-8C9F-4C4E-A2F2-BD0E290089D4}.Release|Any CPU.ActiveCfg = Release|Any CPU
		{17AD31C5-8C9F-4C4E-A2F2-BD0E290089D4}.Release|Any CPU.Build.0 = Release|Any CPU
		{17AD31C5-8C9F-4C4E-A2F2-BD0E290089D4}.Release|ARM.ActiveCfg = Release|Any CPU
		{17AD31C5-8C9F-4C4E-A2F2-BD0E290089D4}.Release|ARM.Build.0 = Release|Any CPU
		{17AD31C5-8C9F-4C4E-A2F2-BD0E290089D4}.Release|iPhone.ActiveCfg = Release|Any CPU
		{17AD31C5-8C9F-4C4E-A2F2-BD0E290089D4}.Release|iPhone.Build.0 = Release|Any CPU
		{17AD31C5-8C9F-4C4E-A2F2-BD0E290089D4}.Release|iPhoneSimulator.ActiveCfg = Release|Any CPU
		{17AD31C5-8C9F-4C4E-A2F2-BD0E290089D4}.Release|iPhoneSimulator.Build.0 = Release|Any CPU
		{17AD31C5-8C9F-4C4E-A2F2-BD0E290089D4}.Release|x64.ActiveCfg = Release|Any CPU
		{17AD31C5-8C9F-4C4E-A2F2-BD0E290089D4}.Release|x64.Build.0 = Release|Any CPU
		{17AD31C5-8C9F-4C4E-A2F2-BD0E290089D4}.Release|x86.ActiveCfg = Release|Any CPU
		{17AD31C5-8C9F-4C4E-A2F2-BD0E290089D4}.Release|x86.Build.0 = Release|Any CPU
		{43957B6B-6D66-4955-8F7D-DF1CB8274442}.Debug|Any CPU.ActiveCfg = Debug|Any CPU
		{43957B6B-6D66-4955-8F7D-DF1CB8274442}.Debug|Any CPU.Build.0 = Debug|Any CPU
		{43957B6B-6D66-4955-8F7D-DF1CB8274442}.Debug|ARM.ActiveCfg = Debug|Any CPU
		{43957B6B-6D66-4955-8F7D-DF1CB8274442}.Debug|ARM.Build.0 = Debug|Any CPU
		{43957B6B-6D66-4955-8F7D-DF1CB8274442}.Debug|iPhone.ActiveCfg = Debug|Any CPU
		{43957B6B-6D66-4955-8F7D-DF1CB8274442}.Debug|iPhone.Build.0 = Debug|Any CPU
		{43957B6B-6D66-4955-8F7D-DF1CB8274442}.Debug|iPhoneSimulator.ActiveCfg = Debug|Any CPU
		{43957B6B-6D66-4955-8F7D-DF1CB8274442}.Debug|iPhoneSimulator.Build.0 = Debug|Any CPU
		{43957B6B-6D66-4955-8F7D-DF1CB8274442}.Debug|x64.ActiveCfg = Debug|Any CPU
		{43957B6B-6D66-4955-8F7D-DF1CB8274442}.Debug|x64.Build.0 = Debug|Any CPU
		{43957B6B-6D66-4955-8F7D-DF1CB8274442}.Debug|x86.ActiveCfg = Debug|Any CPU
		{43957B6B-6D66-4955-8F7D-DF1CB8274442}.Debug|x86.Build.0 = Debug|Any CPU
		{43957B6B-6D66-4955-8F7D-DF1CB8274442}.Release|Any CPU.ActiveCfg = Release|Any CPU
		{43957B6B-6D66-4955-8F7D-DF1CB8274442}.Release|Any CPU.Build.0 = Release|Any CPU
		{43957B6B-6D66-4955-8F7D-DF1CB8274442}.Release|ARM.ActiveCfg = Release|Any CPU
		{43957B6B-6D66-4955-8F7D-DF1CB8274442}.Release|ARM.Build.0 = Release|Any CPU
		{43957B6B-6D66-4955-8F7D-DF1CB8274442}.Release|iPhone.ActiveCfg = Release|Any CPU
		{43957B6B-6D66-4955-8F7D-DF1CB8274442}.Release|iPhone.Build.0 = Release|Any CPU
		{43957B6B-6D66-4955-8F7D-DF1CB8274442}.Release|iPhoneSimulator.ActiveCfg = Release|Any CPU
		{43957B6B-6D66-4955-8F7D-DF1CB8274442}.Release|iPhoneSimulator.Build.0 = Release|Any CPU
		{43957B6B-6D66-4955-8F7D-DF1CB8274442}.Release|x64.ActiveCfg = Release|Any CPU
		{43957B6B-6D66-4955-8F7D-DF1CB8274442}.Release|x64.Build.0 = Release|Any CPU
		{43957B6B-6D66-4955-8F7D-DF1CB8274442}.Release|x86.ActiveCfg = Release|Any CPU
		{43957B6B-6D66-4955-8F7D-DF1CB8274442}.Release|x86.Build.0 = Release|Any CPU
		{046C9FB7-1C91-4239-A7FD-E5A517B4339D}.Debug|Any CPU.ActiveCfg = Debug|Any CPU
		{046C9FB7-1C91-4239-A7FD-E5A517B4339D}.Debug|Any CPU.Build.0 = Debug|Any CPU
		{046C9FB7-1C91-4239-A7FD-E5A517B4339D}.Debug|ARM.ActiveCfg = Debug|Any CPU
		{046C9FB7-1C91-4239-A7FD-E5A517B4339D}.Debug|ARM.Build.0 = Debug|Any CPU
		{046C9FB7-1C91-4239-A7FD-E5A517B4339D}.Debug|iPhone.ActiveCfg = Debug|Any CPU
		{046C9FB7-1C91-4239-A7FD-E5A517B4339D}.Debug|iPhone.Build.0 = Debug|Any CPU
		{046C9FB7-1C91-4239-A7FD-E5A517B4339D}.Debug|iPhoneSimulator.ActiveCfg = Debug|Any CPU
		{046C9FB7-1C91-4239-A7FD-E5A517B4339D}.Debug|iPhoneSimulator.Build.0 = Debug|Any CPU
		{046C9FB7-1C91-4239-A7FD-E5A517B4339D}.Debug|x64.ActiveCfg = Debug|Any CPU
		{046C9FB7-1C91-4239-A7FD-E5A517B4339D}.Debug|x64.Build.0 = Debug|Any CPU
		{046C9FB7-1C91-4239-A7FD-E5A517B4339D}.Debug|x86.ActiveCfg = Debug|Any CPU
		{046C9FB7-1C91-4239-A7FD-E5A517B4339D}.Debug|x86.Build.0 = Debug|Any CPU
		{046C9FB7-1C91-4239-A7FD-E5A517B4339D}.Release|Any CPU.ActiveCfg = Release|Any CPU
		{046C9FB7-1C91-4239-A7FD-E5A517B4339D}.Release|Any CPU.Build.0 = Release|Any CPU
		{046C9FB7-1C91-4239-A7FD-E5A517B4339D}.Release|ARM.ActiveCfg = Release|Any CPU
		{046C9FB7-1C91-4239-A7FD-E5A517B4339D}.Release|ARM.Build.0 = Release|Any CPU
		{046C9FB7-1C91-4239-A7FD-E5A517B4339D}.Release|iPhone.ActiveCfg = Release|Any CPU
		{046C9FB7-1C91-4239-A7FD-E5A517B4339D}.Release|iPhone.Build.0 = Release|Any CPU
		{046C9FB7-1C91-4239-A7FD-E5A517B4339D}.Release|iPhoneSimulator.ActiveCfg = Release|Any CPU
		{046C9FB7-1C91-4239-A7FD-E5A517B4339D}.Release|iPhoneSimulator.Build.0 = Release|Any CPU
		{046C9FB7-1C91-4239-A7FD-E5A517B4339D}.Release|x64.ActiveCfg = Release|Any CPU
		{046C9FB7-1C91-4239-A7FD-E5A517B4339D}.Release|x64.Build.0 = Release|Any CPU
		{046C9FB7-1C91-4239-A7FD-E5A517B4339D}.Release|x86.ActiveCfg = Release|Any CPU
		{046C9FB7-1C91-4239-A7FD-E5A517B4339D}.Release|x86.Build.0 = Release|Any CPU
	EndGlobalSection
	GlobalSection(SolutionProperties) = preSolution
		HideSolutionNode = FALSE
	EndGlobalSection
	GlobalSection(NestedProjects) = preSolution
		{43957B6B-6D66-4955-8F7D-DF1CB8274442} = {295CB8AB-06ED-48AB-929F-405100566594}
	EndGlobalSection
	GlobalSection(ExtensibilityGlobals) = postSolution
		SolutionGuid = {2F45D19D-23E5-4B21-BCF2-37F77B08CFF1}
	EndGlobalSection
EndGlobal
